
Microsoft Visual Studio Solution File, Format Version 12.00
# Visual Studio Version 16
VisualStudioVersion = 16.0.30804.86
MinimumVisualStudioVersion = 10.0.40219.1
Project("{FAE04EC0-301F-11D3-BF4B-00C04F79EFBC}") = "DreamcastScriptingRuntime", "DreamcastScriptingRuntime.csproj", "{77875C04-CAD1-470F-A923-ECBFC9C40EAE}"
EndProject
Project("{2150E333-8FDC-42A3-9474-1A3956D46DE8}") = "Solution Items", "Solution Items", "{832DD0BF-0223-4AEF-9A38-B8FAB4A2763E}"
	ProjectSection(SolutionItems) = preProject
		.editorconfig = .editorconfig
	EndProjectSection
EndProject
Global
	GlobalSection(SolutionConfigurationPlatforms) = preSolution
		Debug|Any CPU = Debug|Any CPU
		Debug|x64 = Debug|x64
		Release|Any CPU = Release|Any CPU
		Release|x64 = Release|x64
	EndGlobalSection
	GlobalSection(ProjectConfigurationPlatforms) = postSolution
		{77875C04-CAD1-470F-A923-ECBFC9C40EAE}.Debug|Any CPU.ActiveCfg = Debug|Any CPU
		{77875C04-CAD1-470F-A923-ECBFC9C40EAE}.Debug|Any CPU.Build.0 = Debug|Any CPU
		{77875C04-CAD1-470F-A923-ECBFC9C40EAE}.Debug|x64.ActiveCfg = Debug|x64
		{77875C04-CAD1-470F-A923-ECBFC9C40EAE}.Debug|x64.Build.0 = Debug|x64
		{77875C04-CAD1-470F-A923-ECBFC9C40EAE}.Release|Any CPU.ActiveCfg = Release|Any CPU
		{77875C04-CAD1-470F-A923-ECBFC9C40EAE}.Release|Any CPU.Build.0 = Release|Any CPU
		{77875C04-CAD1-470F-A923-ECBFC9C40EAE}.Release|x64.ActiveCfg = Release|x64
		{77875C04-CAD1-470F-A923-ECBFC9C40EAE}.Release|x64.Build.0 = Release|x64
	EndGlobalSection
	GlobalSection(SolutionProperties) = preSolution
		HideSolutionNode = FALSE
	EndGlobalSection
	GlobalSection(ExtensibilityGlobals) = postSolution
		SolutionGuid = {04DE37CA-25A7-4F5A-801B-F849111C6DA3}
	EndGlobalSection
EndGlobal
